
Microsoft Visual Studio Solution File, Format Version 12.00
# Visual Studio Version 16
VisualStudioVersion = 16.0.31205.134
MinimumVisualStudioVersion = 10.0.40219.1
Project("{9A19103F-16F7-4668-BE54-9A1E7A4F7556}") = "TextEditorProject", "WinFormsApp2\TextEditorProject.csproj", "{D8794364-D597-4EFB-8BC1-15C62B18ED34}"
EndProject
Global
	GlobalSection(SolutionConfigurationPlatforms) = preSolution
		Debug|Any CPU = Debug|Any CPU
		Release|Any CPU = Release|Any CPU
	EndGlobalSection
	GlobalSection(ProjectConfigurationPlatforms) = postSolution
		{D8794364-D597-4EFB-8BC1-15C62B18ED34}.Debug|Any CPU.ActiveCfg = Debug|Any CPU
		{D8794364-D597-4EFB-8BC1-15C62B18ED34}.Debug|Any CPU.Build.0 = Debug|Any CPU
		{D8794364-D597-4EFB-8BC1-15C62B18ED34}.Release|Any CPU.ActiveCfg = Release|Any CPU
		{D8794364-D597-4EFB-8BC1-15C62B18ED34}.Release|Any CPU.Build.0 = Release|Any CPU
	EndGlobalSection
	GlobalSection(SolutionProperties) = preSolution
		HideSolutionNode = FALSE
	EndGlobalSection
	GlobalSection(ExtensibilityGlobals) = postSolution
		SolutionGuid = {AC005542-034E-44AC-9C49-259BB6AC70A8}
	EndGlobalSection
EndGlobal
